{
  "name": "voxelgame",
  "version": "1.0.0",
  "lockfileVersion": 1,
  "requires": true,
  "dependencies": {
    "@rbxts/net": {
      "version": "1.2.8",
      "resolved": "https://registry.npmjs.org/@rbxts/net/-/net-1.2.8.tgz",
      "integrity": "sha512-gxEx7mQzmEYICzrqST2QZ3+M/1xGKwYu+EnNIr8o0TAra24JadtGSsgDx8JOkJb3RdZH+Z+O6FbtO+RicuVVXg=="
    },
    "@rbxts/roact": {
      "version": "1.2.0",
      "resolved": "https://registry.npmjs.org/@rbxts/roact/-/roact-1.2.0.tgz",
      "integrity": "sha512-UCO2b3pCpepb3bWXtTE9B8M3rsN5gmy9tEiEru8aJr6sYINygbGSY4F+SK+7Owuyim6zC+1woJYdBIuPJrEpzg=="
    },
    "@rbxts/types": {
      "version": "1.0.355",
      "resolved": "https://registry.npmjs.org/@rbxts/types/-/types-1.0.355.tgz",
      "integrity": "sha512-KrLwGwL+PXcZcD3f5qnBgb/GyQcXbphvwNDiIZIeOO0sPBTr4KjCqrTD0gQKT+DTLcd59Dma+Y3CeHguCYGM2w==",
      "dev": true
    }
  }
}
