{
  "name": "menu",
  "lockfileVersion": 2,
  "requires": true,
  "packages": {
    "": {
      "dependencies": {
        "@rbxts/compiler-types": "^1.0.0-beta.4.0",
        "@rbxts/types": "^1.0.397"
      }
    },
    "node_modules/@rbxts/compiler-types": {
      "version": "1.0.0-beta.4.0",
      "resolved": "https://registry.npmjs.org/@rbxts/compiler-types/-/compiler-types-1.0.0-beta.4.0.tgz",
      "integrity": "sha512-vanFGfZGo03d+z31jixC18N/yGjUNuGYR503YaoYMM3NLEwnKeFVxIbUBhp+aJq+gcXQUO7/0NgzoeTB9ypFwg=="
    },
    "node_modules/@rbxts/types": {
      "version": "1.0.397",
      "resolved": "https://registry.npmjs.org/@rbxts/types/-/types-1.0.397.tgz",
      "integrity": "sha512-2zP7Kx5xmae3oKbMh70kMS/kbmnObB32Z2vQNcHLLT7BsZLCOBKd8Jve8KeOYxNaO+dJiypWBFKUohOOsDiy8A=="
    }
  },
  "dependencies": {
    "@rbxts/compiler-types": {
      "version": "1.0.0-beta.4.0",
      "resolved": "https://registry.npmjs.org/@rbxts/compiler-types/-/compiler-types-1.0.0-beta.4.0.tgz",
      "integrity": "sha512-vanFGfZGo03d+z31jixC18N/yGjUNuGYR503YaoYMM3NLEwnKeFVxIbUBhp+aJq+gcXQUO7/0NgzoeTB9ypFwg=="
    },
    "@rbxts/types": {
      "version": "1.0.397",
      "resolved": "https://registry.npmjs.org/@rbxts/types/-/types-1.0.397.tgz",
      "integrity": "sha512-2zP7Kx5xmae3oKbMh70kMS/kbmnObB32Z2vQNcHLLT7BsZLCOBKd8Jve8KeOYxNaO+dJiypWBFKUohOOsDiy8A=="
    }
  }
}
